// !$*UTF8*$!
{
	archiveVersion = 1;
	classes = {
	};
	objectVersion = 46;
	objects = {

/* Begin PBXBuildFile section */
		0BFFAF861DFE497B00DD5EE9 /* main.m in Sources */ = {isa = PBXBuildFile; fileRef = 0BFFAF851DFE497B00DD5EE9 /* main.m */; };
		0BFFAF891DFE497B00DD5EE9 /* AppDelegate.m in Sources */ = {isa = PBXBuildFile; fileRef = 0BFFAF881DFE497B00DD5EE9 /* AppDelegate.m */; };
		0BFFAF8C1DFE497B00DD5EE9 /* ViewController.m in Sources */ = {isa = PBXBuildFile; fileRef = 0BFFAF8B1DFE497B00DD5EE9 /* ViewController.m */; };
		0BFFAF8F1DFE497C00DD5EE9 /* Main.storyboard in Resources */ = {isa = PBXBuildFile; fileRef = 0BFFAF8D1DFE497C00DD5EE9 /* Main.storyboard */; };
		0BFFAF911DFE497C00DD5EE9 /* Assets.xcassets in Resources */ = {isa = PBXBuildFile; fileRef = 0BFFAF901DFE497C00DD5EE9 /* Assets.xcassets */; };
		0BFFAF941DFE497C00DD5EE9 /* LaunchScreen.storyboard in Resources */ = {isa = PBXBuildFile; fileRef = 0BFFAF921DFE497C00DD5EE9 /* LaunchScreen.storyboard */; };
		0BFFAF9F1DFE497C00DD5EE9 /* packFMDBTests.m in Sources */ = {isa = PBXBuildFile; fileRef = 0BFFAF9E1DFE497C00DD5EE9 /* packFMDBTests.m */; };
		0BFFAFAA1DFE497C00DD5EE9 /* packFMDBUITests.m in Sources */ = {isa = PBXBuildFile; fileRef = 0BFFAFA91DFE497C00DD5EE9 /* packFMDBUITests.m */; };
		0BFFAFB91DFE503500DD5EE9 /* libsqlite3.tbd in Frameworks */ = {isa = PBXBuildFile; fileRef = 0BFFAFB81DFE503500DD5EE9 /* libsqlite3.tbd */; };
		0BFFAFC81DFE510400DD5EE9 /* FMDatabase.m in Sources */ = {isa = PBXBuildFile; fileRef = 0BFFAFBD1DFE510400DD5EE9 /* FMDatabase.m */; };
		0BFFAFC91DFE510400DD5EE9 /* FMDatabaseAdditions.m in Sources */ = {isa = PBXBuildFile; fileRef = 0BFFAFBF1DFE510400DD5EE9 /* FMDatabaseAdditions.m */; };
		0BFFAFCA1DFE510400DD5EE9 /* FMDatabasePool.m in Sources */ = {isa = PBXBuildFile; fileRef = 0BFFAFC11DFE510400DD5EE9 /* FMDatabasePool.m */; };
		0BFFAFCB1DFE510400DD5EE9 /* FMDatabaseQueue.m in Sources */ = {isa = PBXBuildFile; fileRef = 0BFFAFC31DFE510400DD5EE9 /* FMDatabaseQueue.m */; };
		0BFFAFCC1DFE510400DD5EE9 /* FMResultSet.m in Sources */ = {isa = PBXBuildFile; fileRef = 0BFFAFC61DFE510400DD5EE9 /* FMResultSet.m */; };
		0BFFAFCD1DFE510400DD5EE9 /* Info.plist in Resources */ = {isa = PBXBuildFile; fileRef = 0BFFAFC71DFE510400DD5EE9 /* Info.plist */; };
		0BFFAFD31DFE514800DD5EE9 /* FMDBHelp.m in Sources */ = {isa = PBXBuildFile; fileRef = 0BFFAFD21DFE514800DD5EE9 /* FMDBHelp.m */; };
		0BFFAFD71DFE83CD00DD5EE9 /* AddPersonViewController.m in Sources */ = {isa = PBXBuildFile; fileRef = 0BFFAFD61DFE83CD00DD5EE9 /* AddPersonViewController.m */; };
		0BFFAFDB1DFE8CDB00DD5EE9 /* People.m in Sources */ = {isa = PBXBuildFile; fileRef = 0BFFAFDA1DFE8CDB00DD5EE9 /* People.m */; };
		0BFFAFDF1DFE8F9000DD5EE9 /* PersonCarDataBaseHelper.m in Sources */ = {isa = PBXBuildFile; fileRef = 0BFFAFDE1DFE8F9000DD5EE9 /* PersonCarDataBaseHelper.m */; };
/* End PBXBuildFile section */

/* Begin PBXContainerItemProxy section */
		0BFFAF9B1DFE497C00DD5EE9 /* PBXContainerItemProxy */ = {
			isa = PBXContainerItemProxy;
			containerPortal = 0BFFAF791DFE497B00DD5EE9 /* Project object */;
			proxyType = 1;
			remoteGlobalIDString = 0BFFAF801DFE497B00DD5EE9;
			remoteInfo = packFMDB;
		};
		0BFFAFA61DFE497C00DD5EE9 /* PBXContainerItemProxy */ = {
			isa = PBXContainerItemProxy;
			containerPortal = 0BFFAF791DFE497B00DD5EE9 /* Project object */;
			proxyType = 1;
			remoteGlobalIDString = 0BFFAF801DFE497B00DD5EE9;
			remoteInfo = packFMDB;
		};
/* End PBXContainerItemProxy section */

/* Begin PBXFileReference section */
		0BFFAF811DFE497B00DD5EE9 /* packFMDB.app */ = {isa = PBXFileReference; explicitFileType = wrapper.application; includeInIndex = 0; path = packFMDB.app; sourceTree = BUILT_PRODUCTS_DIR; };
		0BFFAF851DFE497B00DD5EE9 /* main.m */ = {isa = PBXFileReference; lastKnownFileType = sourcecode.c.objc; path = main.m; sourceTree = "<group>"; };
		0BFFAF871DFE497B00DD5EE9 /* AppDelegate.h */ = {isa = PBXFileReference; lastKnownFileType = sourcecode.c.h; path = AppDelegate.h; sourceTree = "<group>"; };
		0BFFAF881DFE497B00DD5EE9 /* AppDelegate.m */ = {isa = PBXFileReference; lastKnownFileType = sourcecode.c.objc; path = AppDelegate.m; sourceTree = "<group>"; };
		0BFFAF8A1DFE497B00DD5EE9 /* ViewController.h */ = {isa = PBXFileReference; lastKnownFileType = sourcecode.c.h; path = ViewController.h; sourceTree = "<group>"; };
		0BFFAF8B1DFE497B00DD5EE9 /* ViewController.m */ = {isa = PBXFileReference; lastKnownFileType = sourcecode.c.objc; path = ViewController.m; sourceTree = "<group>"; };
		0BFFAF8E1DFE497C00DD5EE9 /* Base */ = {isa = PBXFileReference; lastKnownFileType = file.storyboard; name = Base; path = Base.lproj/Main.storyboard; sourceTree = "<group>"; };
		0BFFAF901DFE497C00DD5EE9 /* Assets.xcassets */ = {isa = PBXFileReference; lastKnownFileType = folder.assetcatalog; path = Assets.xcassets; sourceTree = "<group>"; };
		0BFFAF931DFE497C00DD5EE9 /* Base */ = {isa = PBXFileReference; lastKnownFileType = file.storyboard; name = Base; path = Base.lproj/LaunchScreen.storyboard; sourceTree = "<group>"; };
		0BFFAF951DFE497C00DD5EE9 /* Info.plist */ = {isa = PBXFileReference; lastKnownFileType = text.plist.xml; path = Info.plist; sourceTree = "<group>"; };
		0BFFAF9A1DFE497C00DD5EE9 /* packFMDBTests.xctest */ = {isa = PBXFileReference; explicitFileType = wrapper.cfbundle; includeInIndex = 0; path = packFMDBTests.xctest; sourceTree = BUILT_PRODUCTS_DIR; };
		0BFFAF9E1DFE497C00DD5EE9 /* packFMDBTests.m */ = {isa = PBXFileReference; lastKnownFileType = sourcecode.c.objc; path = packFMDBTests.m; sourceTree = "<group>"; };
		0BFFAFA01DFE497C00DD5EE9 /* Info.plist */ = {isa = PBXFileReference; lastKnownFileType = text.plist.xml; path = Info.plist; sourceTree = "<group>"; };
		0BFFAFA51DFE497C00DD5EE9 /* packFMDBUITests.xctest */ = {isa = PBXFileReference; explicitFileType = wrapper.cfbundle; includeInIndex = 0; path = packFMDBUITests.xctest; sourceTree = BUILT_PRODUCTS_DIR; };
		0BFFAFA91DFE497C00DD5EE9 /* packFMDBUITests.m */ = {isa = PBXFileReference; lastKnownFileType = sourcecode.c.objc; path = packFMDBUITests.m; sourceTree = "<group>"; };
		0BFFAFAB1DFE497C00DD5EE9 /* Info.plist */ = {isa = PBXFileReference; lastKnownFileType = text.plist.xml; path = Info.plist; sourceTree = "<group>"; };
		0BFFAFB81DFE503500DD5EE9 /* libsqlite3.tbd */ = {isa = PBXFileReference; lastKnownFileType = "sourcecode.text-based-dylib-definition"; name = libsqlite3.tbd; path = usr/lib/libsqlite3.tbd; sourceTree = SDKROOT; };
		0BFFAFBC1DFE510400DD5EE9 /* FMDatabase.h */ = {isa = PBXFileReference; fileEncoding = 4; lastKnownFileType = sourcecode.c.h; path = FMDatabase.h; sourceTree = "<group>"; };
		0BFFAFBD1DFE510400DD5EE9 /* FMDatabase.m */ = {isa = PBXFileReference; fileEncoding = 4; lastKnownFileType = sourcecode.c.objc; path = FMDatabase.m; sourceTree = "<group>"; };
		0BFFAFBE1DFE510400DD5EE9 /* FMDatabaseAdditions.h */ = {isa = PBXFileReference; fileEncoding = 4; lastKnownFileType = sourcecode.c.h; path = FMDatabaseAdditions.h; sourceTree = "<group>"; };
		0BFFAFBF1DFE510400DD5EE9 /* FMDatabaseAdditions.m */ = {isa = PBXFileReference; fileEncoding = 4; lastKnownFileType = sourcecode.c.objc; path = FMDatabaseAdditions.m; sourceTree = "<group>"; };
		0BFFAFC01DFE510400DD5EE9 /* FMDatabasePool.h */ = {isa = PBXFileReference; fileEncoding = 4; lastKnownFileType = sourcecode.c.h; path = FMDatabasePool.h; sourceTree = "<group>"; };
		0BFFAFC11DFE510400DD5EE9 /* FMDatabasePool.m */ = {isa = PBXFileReference; fileEncoding = 4; lastKnownFileType = sourcecode.c.objc; path = FMDatabasePool.m; sourceTree = "<group>"; };
		0BFFAFC21DFE510400DD5EE9 /* FMDatabaseQueue.h */ = {isa = PBXFileReference; fileEncoding = 4; lastKnownFileType = sourcecode.c.h; path = FMDatabaseQueue.h; sourceTree = "<group>"; };
		0BFFAFC31DFE510400DD5EE9 /* FMDatabaseQueue.m */ = {isa = PBXFileReference; fileEncoding = 4; lastKnownFileType = sourcecode.c.objc; path = FMDatabaseQueue.m; sourceTree = "<group>"; };
		0BFFAFC41DFE510400DD5EE9 /* FMDB.h */ = {isa = PBXFileReference; fileEncoding = 4; lastKnownFileType = sourcecode.c.h; path = FMDB.h; sourceTree = "<group>"; };
		0BFFAFC51DFE510400DD5EE9 /* FMResultSet.h */ = {isa = PBXFileReference; fileEncoding = 4; lastKnownFileType = sourcecode.c.h; path = FMResultSet.h; sourceTree = "<group>"; };
		0BFFAFC61DFE510400DD5EE9 /* FMResultSet.m */ = {isa = PBXFileReference; fileEncoding = 4; lastKnownFileType = sourcecode.c.objc; path = FMResultSet.m; sourceTree = "<group>"; };
		0BFFAFC71DFE510400DD5EE9 /* Info.plist */ = {isa = PBXFileReference; fileEncoding = 4; lastKnownFileType = text.plist.xml; path = Info.plist; sourceTree = "<group>"; };
		0BFFAFD11DFE514800DD5EE9 /* FMDBHelp.h */ = {isa = PBXFileReference; fileEncoding = 4; lastKnownFileType = sourcecode.c.h; path = FMDBHelp.h; sourceTree = "<group>"; };
		0BFFAFD21DFE514800DD5EE9 /* FMDBHelp.m */ = {isa = PBXFileReference; fileEncoding = 4; lastKnownFileType = sourcecode.c.objc; path = FMDBHelp.m; sourceTree = "<group>"; };
		0BFFAFD51DFE83CD00DD5EE9 /* AddPersonViewController.h */ = {isa = PBXFileReference; fileEncoding = 4; lastKnownFileType = sourcecode.c.h; path = AddPersonViewController.h; sourceTree = "<group>"; };
		0BFFAFD61DFE83CD00DD5EE9 /* AddPersonViewController.m */ = {isa = PBXFileReference; fileEncoding = 4; lastKnownFileType = sourcecode.c.objc; path = AddPersonViewController.m; sourceTree = "<group>"; };
		0BFFAFD91DFE8CDB00DD5EE9 /* People.h */ = {isa = PBXFileReference; fileEncoding = 4; lastKnownFileType = sourcecode.c.h; path = People.h; sourceTree = "<group>"; };
		0BFFAFDA1DFE8CDB00DD5EE9 /* People.m */ = {isa = PBXFileReference; fileEncoding = 4; lastKnownFileType = sourcecode.c.objc; path = People.m; sourceTree = "<group>"; };
		0BFFAFDD1DFE8F9000DD5EE9 /* PersonCarDataBaseHelper.h */ = {isa = PBXFileReference; fileEncoding = 4; lastKnownFileType = sourcecode.c.h; path = PersonCarDataBaseHelper.h; sourceTree = "<group>"; };
		0BFFAFDE1DFE8F9000DD5EE9 /* PersonCarDataBaseHelper.m */ = {isa = PBXFileReference; fileEncoding = 4; lastKnownFileType = sourcecode.c.objc; path = PersonCarDataBaseHelper.m; sourceTree = "<group>"; };
/* End PBXFileReference section */

/* Begin PBXFrameworksBuildPhase section */
		0BFFAF7E1DFE497B00DD5EE9 /* Frameworks */ = {
			isa = PBXFrameworksBuildPhase;
			buildActionMask = 2147483647;
			files = (
				0BFFAFB91DFE503500DD5EE9 /* libsqlite3.tbd in Frameworks */,
			);
			runOnlyForDeploymentPostprocessing = 0;
		};
		0BFFAF971DFE497C00DD5EE9 /* Frameworks */ = {
			isa = PBXFrameworksBuildPhase;
			buildActionMask = 2147483647;
			files = (
			);
			runOnlyForDeploymentPostprocessing = 0;
		};
		0BFFAFA21DFE497C00DD5EE9 /* Frameworks */ = {
			isa = PBXFrameworksBuildPhase;
			buildActionMask = 2147483647;
			files = (
			);
			runOnlyForDeploymentPostprocessing = 0;
		};
/* End PBXFrameworksBuildPhase section */

/* Begin PBXGroup section */
		0BFFAF781DFE497B00DD5EE9 = {
			isa = PBXGroup;
			children = (
				0BFFAF831DFE497B00DD5EE9 /* packFMDB */,
				0BFFAF9D1DFE497C00DD5EE9 /* packFMDBTests */,
				0BFFAFA81DFE497C00DD5EE9 /* packFMDBUITests */,
				0BFFAF821DFE497B00DD5EE9 /* Products */,
				0BFFAFB71DFE503400DD5EE9 /* Frameworks */,
			);
			sourceTree = "<group>";
		};
		0BFFAF821DFE497B00DD5EE9 /* Products */ = {
			isa = PBXGroup;
			children = (
				0BFFAF811DFE497B00DD5EE9 /* packFMDB.app */,
				0BFFAF9A1DFE497C00DD5EE9 /* packFMDBTests.xctest */,
				0BFFAFA51DFE497C00DD5EE9 /* packFMDBUITests.xctest */,
			);
			name = Products;
			sourceTree = "<group>";
		};
		0BFFAF831DFE497B00DD5EE9 /* packFMDB */ = {
			isa = PBXGroup;
			children = (
				0BFFAFD41DFE833E00DD5EE9 /* Class */,
				0BFFAFBA1DFE510400DD5EE9 /* 3rdFramework */,
				0BFFAF871DFE497B00DD5EE9 /* AppDelegate.h */,
				0BFFAF881DFE497B00DD5EE9 /* AppDelegate.m */,
				0BFFAFD11DFE514800DD5EE9 /* FMDBHelp.h */,
				0BFFAFD21DFE514800DD5EE9 /* FMDBHelp.m */,
				0BFFAF8A1DFE497B00DD5EE9 /* ViewController.h */,
				0BFFAF8B1DFE497B00DD5EE9 /* ViewController.m */,
				0BFFAF8D1DFE497C00DD5EE9 /* Main.storyboard */,
				0BFFAF901DFE497C00DD5EE9 /* Assets.xcassets */,
				0BFFAF921DFE497C00DD5EE9 /* LaunchScreen.storyboard */,
				0BFFAF951DFE497C00DD5EE9 /* Info.plist */,
				0BFFAF841DFE497B00DD5EE9 /* Supporting Files */,
			);
			path = packFMDB;
			sourceTree = "<group>";
		};
		0BFFAF841DFE497B00DD5EE9 /* Supporting Files */ = {
			isa = PBXGroup;
			children = (
				0BFFAF851DFE497B00DD5EE9 /* main.m */,
			);
			name = "Supporting Files";
			sourceTree = "<group>";
		};
		0BFFAF9D1DFE497C00DD5EE9 /* packFMDBTests */ = {
			isa = PBXGroup;
			children = (
				0BFFAF9E1DFE497C00DD5EE9 /* packFMDBTests.m */,
				0BFFAFA01DFE497C00DD5EE9 /* Info.plist */,
			);
			path = packFMDBTests;
			sourceTree = "<group>";
		};
		0BFFAFA81DFE497C00DD5EE9 /* packFMDBUITests */ = {
			isa = PBXGroup;
			children = (
				0BFFAFA91DFE497C00DD5EE9 /* packFMDBUITests.m */,
				0BFFAFAB1DFE497C00DD5EE9 /* Info.plist */,
			);
			path = packFMDBUITests;
			sourceTree = "<group>";
		};
		0BFFAFB71DFE503400DD5EE9 /* Frameworks */ = {
			isa = PBXGroup;
			children = (
				0BFFAFB81DFE503500DD5EE9 /* libsqlite3.tbd */,
			);
			name = Frameworks;
			sourceTree = "<group>";
		};
		0BFFAFBA1DFE510400DD5EE9 /* 3rdFramework */ = {
			isa = PBXGroup;
			children = (
				0BFFAFBB1DFE510400DD5EE9 /* fmdb */,
			);
			path = 3rdFramework;
			sourceTree = "<group>";
		};
		0BFFAFBB1DFE510400DD5EE9 /* fmdb */ = {
			isa = PBXGroup;
			children = (
				0BFFAFBC1DFE510400DD5EE9 /* FMDatabase.h */,
				0BFFAFBD1DFE510400DD5EE9 /* FMDatabase.m */,
				0BFFAFBE1DFE510400DD5EE9 /* FMDatabaseAdditions.h */,
				0BFFAFBF1DFE510400DD5EE9 /* FMDatabaseAdditions.m */,
				0BFFAFC01DFE510400DD5EE9 /* FMDatabasePool.h */,
				0BFFAFC11DFE510400DD5EE9 /* FMDatabasePool.m */,
				0BFFAFC21DFE510400DD5EE9 /* FMDatabaseQueue.h */,
				0BFFAFC31DFE510400DD5EE9 /* FMDatabaseQueue.m */,
				0BFFAFC41DFE510400DD5EE9 /* FMDB.h */,
				0BFFAFC51DFE510400DD5EE9 /* FMResultSet.h */,
				0BFFAFC61DFE510400DD5EE9 /* FMResultSet.m */,
				0BFFAFC71DFE510400DD5EE9 /* Info.plist */,
			);
			path = fmdb;
			sourceTree = "<group>";
		};
		0BFFAFD41DFE833E00DD5EE9 /* Class */ = {
			isa = PBXGroup;
			children = (
				0BFFAFDC1DFE8F6600DD5EE9 /* Class */,
				0BFFAFD81DFE8CCA00DD5EE9 /* Model */,
				0BFFAFD51DFE83CD00DD5EE9 /* AddPersonViewController.h */,
				0BFFAFD61DFE83CD00DD5EE9 /* AddPersonViewController.m */,
			);
			path = Class;
			sourceTree = "<group>";
		};
		0BFFAFD81DFE8CCA00DD5EE9 /* Model */ = {
			isa = PBXGroup;
			children = (
				0BFFAFD91DFE8CDB00DD5EE9 /* People.h */,
				0BFFAFDA1DFE8CDB00DD5EE9 /* People.m */,
			);
			path = Model;
			sourceTree = "<group>";
		};
		0BFFAFDC1DFE8F6600DD5EE9 /* Class */ = {
			isa = PBXGroup;
			children = (
				0BFFAFDD1DFE8F9000DD5EE9 /* PersonCarDataBaseHelper.h */,
				0BFFAFDE1DFE8F9000DD5EE9 /* PersonCarDataBaseHelper.m */,
			);
			path = Class;
			sourceTree = "<group>";
		};
/* End PBXGroup section */

/* Begin PBXNativeTarget section */
		0BFFAF801DFE497B00DD5EE9 /* packFMDB */ = {
			isa = PBXNativeTarget;
			buildConfigurationList = 0BFFAFAE1DFE497C00DD5EE9 /* Build configuration list for PBXNativeTarget "packFMDB" */;
			buildPhases = (
				0BFFAF7D1DFE497B00DD5EE9 /* Sources */,
				0BFFAF7E1DFE497B00DD5EE9 /* Frameworks */,
				0BFFAF7F1DFE497B00DD5EE9 /* Resources */,
			);
			buildRules = (
			);
			dependencies = (
			);
			name = packFMDB;
			productName = packFMDB;
			productReference = 0BFFAF811DFE497B00DD5EE9 /* packFMDB.app */;
			productType = "com.apple.product-type.application";
		};
		0BFFAF991DFE497C00DD5EE9 /* packFMDBTests */ = {
			isa = PBXNativeTarget;
			buildConfigurationList = 0BFFAFB11DFE497C00DD5EE9 /* Build configuration list for PBXNativeTarget "packFMDBTests" */;
			buildPhases = (
				0BFFAF961DFE497C00DD5EE9 /* Sources */,
				0BFFAF971DFE497C00DD5EE9 /* Frameworks */,
				0BFFAF981DFE497C00DD5EE9 /* Resources */,
			);
			buildRules = (
			);
			dependencies = (
				0BFFAF9C1DFE497C00DD5EE9 /* PBXTargetDependency */,
			);
			name = packFMDBTests;
			productName = packFMDBTests;
			productReference = 0BFFAF9A1DFE497C00DD5EE9 /* packFMDBTests.xctest */;
			productType = "com.apple.product-type.bundle.unit-test";
		};
		0BFFAFA41DFE497C00DD5EE9 /* packFMDBUITests */ = {
			isa = PBXNativeTarget;
			buildConfigurationList = 0BFFAFB41DFE497C00DD5EE9 /* Build configuration list for PBXNativeTarget "packFMDBUITests" */;
			buildPhases = (
				0BFFAFA11DFE497C00DD5EE9 /* Sources */,
				0BFFAFA21DFE497C00DD5EE9 /* Frameworks */,
				0BFFAFA31DFE497C00DD5EE9 /* Resources */,
			);
			buildRules = (
			);
			dependencies = (
				0BFFAFA71DFE497C00DD5EE9 /* PBXTargetDependency */,
			);
			name = packFMDBUITests;
			productName = packFMDBUITests;
			productReference = 0BFFAFA51DFE497C00DD5EE9 /* packFMDBUITests.xctest */;
			productType = "com.apple.product-type.bundle.ui-testing";
		};
/* End PBXNativeTarget section */

/* Begin PBXProject section */
		0BFFAF791DFE497B00DD5EE9 /* Project object */ = {
			isa = PBXProject;
			attributes = {
				LastUpgradeCheck = 0810;
				ORGANIZATIONNAME = "song ximing";
				TargetAttributes = {
					0BFFAF801DFE497B00DD5EE9 = {
						CreatedOnToolsVersion = 8.1;
						ProvisioningStyle = Automatic;
					};
					0BFFAF991DFE497C00DD5EE9 = {
						CreatedOnToolsVersion = 8.1;
						ProvisioningStyle = Automatic;
						TestTargetID = 0BFFAF801DFE497B00DD5EE9;
					};
					0BFFAFA41DFE497C00DD5EE9 = {
						CreatedOnToolsVersion = 8.1;
						ProvisioningStyle = Automatic;
						TestTargetID = 0BFFAF801DFE497B00DD5EE9;
					};
				};
			};
			buildConfigurationList = 0BFFAF7C1DFE497B00DD5EE9 /* Build configuration list for PBXProject "packFMDB" */;
			compatibilityVersion = "Xcode 3.2";
			developmentRegion = English;
			hasScannedForEncodings = 0;
			knownRegions = (
				en,
				Base,
			);
			mainGroup = 0BFFAF781DFE497B00DD5EE9;
			productRefGroup = 0BFFAF821DFE497B00DD5EE9 /* Products */;
			projectDirPath = "";
			projectRoot = "";
			targets = (
				0BFFAF801DFE497B00DD5EE9 /* packFMDB */,
				0BFFAF991DFE497C00DD5EE9 /* packFMDBTests */,
				0BFFAFA41DFE497C00DD5EE9 /* packFMDBUITests */,
			);
		};
/* End PBXProject section */

/* Begin PBXResourcesBuildPhase section */
		0BFFAF7F1DFE497B00DD5EE9 /* Resources */ = {
			isa = PBXResourcesBuildPhase;
			buildActionMask = 2147483647;
			files = (
				0BFFAFCD1DFE510400DD5EE9 /* Info.plist in Resources */,
				0BFFAF941DFE497C00DD5EE9 /* LaunchScreen.storyboard in Resources */,
				0BFFAF911DFE497C00DD5EE9 /* Assets.xcassets in Resources */,
				0BFFAF8F1DFE497C00DD5EE9 /* Main.storyboard in Resources */,
			);
			runOnlyForDeploymentPostprocessing = 0;
		};
		0BFFAF981DFE497C00DD5EE9 /* Resources */ = {
			isa = PBXResourcesBuildPhase;
			buildActionMask = 2147483647;
			files = (
			);
			runOnlyForDeploymentPostprocessing = 0;
		};
		0BFFAFA31DFE497C00DD5EE9 /* Resources */ = {
			isa = PBXResourcesBuildPhase;
			buildActionMask = 2147483647;
			files = (
			);
			runOnlyForDeploymentPostprocessing = 0;
		};
/* End PBXResourcesBuildPhase section */

/* Begin PBXSourcesBuildPhase section */
		0BFFAF7D1DFE497B00DD5EE9 /* Sources */ = {
			isa = PBXSourcesBuildPhase;
			buildActionMask = 2147483647;
			files = (
				0BFFAFD31DFE514800DD5EE9 /* FMDBHelp.m in Sources */,
				0BFFAF8C1DFE497B00DD5EE9 /* ViewController.m in Sources */,
				0BFFAFCA1DFE510400DD5EE9 /* FMDatabasePool.m in Sources */,
				0BFFAF891DFE497B00DD5EE9 /* AppDelegate.m in Sources */,
				0BFFAFCB1DFE510400DD5EE9 /* FMDatabaseQueue.m in Sources */,
				0BFFAFDB1DFE8CDB00DD5EE9 /* People.m in Sources */,
				0BFFAFDF1DFE8F9000DD5EE9 /* PersonCarDataBaseHelper.m in Sources */,
				0BFFAF861DFE497B00DD5EE9 /* main.m in Sources */,
				0BFFAFC81DFE510400DD5EE9 /* FMDatabase.m in Sources */,
				0BFFAFCC1DFE510400DD5EE9 /* FMResultSet.m in Sources */,
				0BFFAFC91DFE510400DD5EE9 /* FMDatabaseAdditions.m in Sources */,
				0BFFAFD71DFE83CD00DD5EE9 /* AddPersonViewController.m in Sources */,
			);
			runOnlyForDeploymentPostprocessing = 0;
		};
		0BFFAF961DFE497C00DD5EE9 /* Sources */ = {
			isa = PBXSourcesBuildPhase;
			buildActionMask = 2147483647;
			files = (
				0BFFAF9F1DFE497C00DD5EE9 /* packFMDBTests.m in Sources */,
			);
			runOnlyForDeploymentPostprocessing = 0;
		};
		0BFFAFA11DFE497C00DD5EE9 /* Sources */ = {
			isa = PBXSourcesBuildPhase;
			buildActionMask = 2147483647;
			files = (
				0BFFAFAA1DFE497C00DD5EE9 /* packFMDBUITests.m in Sources */,
			);
			runOnlyForDeploymentPostprocessing = 0;
		};
/* End PBXSourcesBuildPhase section */

/* Begin PBXTargetDependency section */
		0BFFAF9C1DFE497C00DD5EE9 /* PBXTargetDependency */ = {
			isa = PBXTargetDependency;
			target = 0BFFAF801DFE497B00DD5EE9 /* packFMDB */;
			targetProxy = 0BFFAF9B1DFE497C00DD5EE9 /* PBXContainerItemProxy */;
		};
		0BFFAFA71DFE497C00DD5EE9 /* PBXTargetDependency */ = {
			isa = PBXTargetDependency;
			target = 0BFFAF801DFE497B00DD5EE9 /* packFMDB */;
			targetProxy = 0BFFAFA61DFE497C00DD5EE9 /* PBXContainerItemProxy */;
		};
/* End PBXTargetDependency section */

/* Begin PBXVariantGroup section */
		0BFFAF8D1DFE497C00DD5EE9 /* Main.storyboard */ = {
			isa = PBXVariantGroup;
			children = (
				0BFFAF8E1DFE497C00DD5EE9 /* Base */,
			);
			name = Main.storyboard;
			sourceTree = "<group>";
		};
		0BFFAF921DFE497C00DD5EE9 /* LaunchScreen.storyboard */ = {
			isa = PBXVariantGroup;
			children = (
				0BFFAF931DFE497C00DD5EE9 /* Base */,
			);
			name = LaunchScreen.storyboard;
			sourceTree = "<group>";
		};
/* End PBXVariantGroup section */

/* Begin XCBuildConfiguration section */
		0BFFAFAC1DFE497C00DD5EE9 /* Debug */ = {
			isa = XCBuildConfiguration;
			buildSettings = {
				ALWAYS_SEARCH_USER_PATHS = NO;
				CLANG_ANALYZER_NONNULL = YES;
				CLANG_CXX_LANGUAGE_STANDARD = "gnu++0x";
				CLANG_CXX_LIBRARY = "libc++";
				CLANG_ENABLE_MODULES = YES;
				CLANG_ENABLE_OBJC_ARC = YES;
				CLANG_WARN_BOOL_CONVERSION = YES;
				CLANG_WARN_CONSTANT_CONVERSION = YES;
				CLANG_WARN_DIRECT_OBJC_ISA_USAGE = YES_ERROR;
				CLANG_WARN_DOCUMENTATION_COMMENTS = YES;
				CLANG_WARN_EMPTY_BODY = YES;
				CLANG_WARN_ENUM_CONVERSION = YES;
				CLANG_WARN_INFINITE_RECURSION = YES;
				CLANG_WARN_INT_CONVERSION = YES;
				CLANG_WARN_OBJC_ROOT_CLASS = YES_ERROR;
				CLANG_WARN_SUSPICIOUS_MOVES = YES;
				CLANG_WARN_UNREACHABLE_CODE = YES;
				CLANG_WARN__DUPLICATE_METHOD_MATCH = YES;
				"CODE_SIGN_IDENTITY[sdk=iphoneos*]" = "iPhone Developer";
				COPY_PHASE_STRIP = NO;
				DEBUG_INFORMATION_FORMAT = dwarf;
				ENABLE_STRICT_OBJC_MSGSEND = YES;
				ENABLE_TESTABILITY = YES;
				GCC_C_LANGUAGE_STANDARD = gnu99;
				GCC_DYNAMIC_NO_PIC = NO;
				GCC_NO_COMMON_BLOCKS = YES;
				GCC_OPTIMIZATION_LEVEL = 0;
				GCC_PREPROCESSOR_DEFINITIONS = (
					"DEBUG=1",
					"$(inherited)",
				);
				GCC_WARN_64_TO_32_BIT_CONVERSION = YES;
				GCC_WARN_ABOUT_RETURN_TYPE = YES_ERROR;
				GCC_WARN_UNDECLARED_SELECTOR = YES;
				GCC_WARN_UNINITIALIZED_AUTOS = YES_AGGRESSIVE;
				GCC_WARN_UNUSED_FUNCTION = YES;
				GCC_WARN_UNUSED_VARIABLE = YES;
				IPHONEOS_DEPLOYMENT_TARGET = 10.1;
				MTL_ENABLE_DEBUG_INFO = YES;
				ONLY_ACTIVE_ARCH = YES;
				SDKROOT = iphoneos;
				TARGETED_DEVICE_FAMILY = "1,2";
			};
			name = Debug;
		};
		0BFFAFAD1DFE497C00DD5EE9 /* Release */ = {
			isa = XCBuildConfiguration;
			buildSettings = {
				ALWAYS_SEARCH_USER_PATHS = NO;
				CLANG_ANALYZER_NONNULL = YES;
				CLANG_CXX_LANGUAGE_STANDARD = "gnu++0x";
				CLANG_CXX_LIBRARY = "libc++";
				CLANG_ENABLE_MODULES = YES;
				CLANG_ENABLE_OBJC_ARC = YES;
				CLANG_WARN_BOOL_CONVERSION = YES;
				CLANG_WARN_CONSTANT_CONVERSION = YES;
				CLANG_WARN_DIRECT_OBJC_ISA_USAGE = YES_ERROR;
				CLANG_WARN_DOCUMENTATION_COMMENTS = YES;
				CLANG_WARN_EMPTY_BODY = YES;
				CLANG_WARN_ENUM_CONVERSION = YES;
				CLANG_WARN_INFINITE_RECURSION = YES;
				CLANG_WARN_INT_CONVERSION = YES;
				CLANG_WARN_OBJC_ROOT_CLASS = YES_ERROR;
				CLANG_WARN_SUSPICIOUS_MOVES = YES;
				CLANG_WARN_UNREACHABLE_CODE = YES;
				CLANG_WARN__DUPLICATE_METHOD_MATCH = YES;
				"CODE_SIGN_IDENTITY[sdk=iphoneos*]" = "iPhone Developer";
				COPY_PHASE_STRIP = NO;
				DEBUG_INFORMATION_FORMAT = "dwarf-with-dsym";
				ENABLE_NS_ASSERTIONS = NO;
				ENABLE_STRICT_OBJC_MSGSEND = YES;
				GCC_C_LANGUAGE_STANDARD = gnu99;
				GCC_NO_COMMON_BLOCKS = YES;
				GCC_WARN_64_TO_32_BIT_CONVERSION = YES;
				GCC_WARN_ABOUT_RETURN_TYPE = YES_ERROR;
				GCC_WARN_UNDECLARED_SELECTOR = YES;
				GCC_WARN_UNINITIALIZED_AUTOS = YES_AGGRESSIVE;
				GCC_WARN_UNUSED_FUNCTION = YES;
				GCC_WARN_UNUSED_VARIABLE = YES;
				IPHONEOS_DEPLOYMENT_TARGET = 10.1;
				MTL_ENABLE_DEBUG_INFO = NO;
				SDKROOT = iphoneos;
				TARGETED_DEVICE_FAMILY = "1,2";
				VALIDATE_PRODUCT = YES;
			};
			name = Release;
		};
		0BFFAFAF1DFE497C00DD5EE9 /* Debug */ = {
			isa = XCBuildConfiguration;
			buildSettings = {
				ASSETCATALOG_COMPILER_APPICON_NAME = AppIcon;
				INFOPLIST_FILE = packFMDB/Info.plist;
				LD_RUNPATH_SEARCH_PATHS = "$(inherited) @executable_path/Frameworks";
				PRODUCT_BUNDLE_IDENTIFIER = ximing.packFMDB;
				PRODUCT_NAME = "$(TARGET_NAME)";
			};
			name = Debug;
		};
		0BFFAFB01DFE497C00DD5EE9 /* Release */ = {
			isa = XCBuildConfiguration;
			buildSettings = {
				ASSETCATALOG_COMPILER_APPICON_NAME = AppIcon;
				INFOPLIST_FILE = packFMDB/Info.plist;
				LD_RUNPATH_SEARCH_PATHS = "$(inherited) @executable_path/Frameworks";
				PRODUCT_BUNDLE_IDENTIFIER = ximing.packFMDB;
				PRODUCT_NAME = "$(TARGET_NAME)";
			};
			name = Release;
		};
		0BFFAFB21DFE497C00DD5EE9 /* Debug */ = {
			isa = XCBuildConfiguration;
			buildSettings = {
				BUNDLE_LOADER = "$(TEST_HOST)";
				INFOPLIST_FILE = packFMDBTests/Info.plist;
				LD_RUNPATH_SEARCH_PATHS = "$(inherited) @executable_path/Frameworks @loader_path/Frameworks";
				PRODUCT_BUNDLE_IDENTIFIER = ximing.packFMDBTests;
				PRODUCT_NAME = "$(TARGET_NAME)";
				TEST_HOST = "$(BUILT_PRODUCTS_DIR)/packFMDB.app/packFMDB";
			};
			name = Debug;
		};
		0BFFAFB31DFE497C00DD5EE9 /* Release */ = {
			isa = XCBuildConfiguration;
			buildSettings = {
				BUNDLE_LOADER = "$(TEST_HOST)";
				INFOPLIST_FILE = packFMDBTests/Info.plist;
				LD_RUNPATH_SEARCH_PATHS = "$(inherited) @executable_path/Frameworks @loader_path/Frameworks";
				PRODUCT_BUNDLE_IDENTIFIER = ximing.packFMDBTests;
				PRODUCT_NAME = "$(TARGET_NAME)";
				TEST_HOST = "$(BUILT_PRODUCTS_DIR)/packFMDB.app/packFMDB";
			};
			name = Release;
		};
		0BFFAFB51DFE497C00DD5EE9 /* Debug */ = {
			isa = XCBuildConfiguration;
			buildSettings = {
				INFOPLIST_FILE = packFMDBUITests/Info.plist;
				LD_RUNPATH_SEARCH_PATHS = "$(inherited) @executable_path/Frameworks @loader_path/Frameworks";
				PRODUCT_BUNDLE_IDENTIFIER = ximing.packFMDBUITests;
				PRODUCT_NAME = "$(TARGET_NAME)";
				TEST_TARGET_NAME = packFMDB;
			};
			name = Debug;
		};
		0BFFAFB61DFE497C00DD5EE9 /* Release */ = {
			isa = XCBuildConfiguration;
			buildSettings = {
				INFOPLIST_FILE = packFMDBUITests/Info.plist;
				LD_RUNPATH_SEARCH_PATHS = "$(inherited) @executable_path/Frameworks @loader_path/Frameworks";
				PRODUCT_BUNDLE_IDENTIFIER = ximing.packFMDBUITests;
				PRODUCT_NAME = "$(TARGET_NAME)";
				TEST_TARGET_NAME = packFMDB;
			};
			name = Release;
		};
/* End XCBuildConfiguration section */

/* Begin XCConfigurationList section */
		0BFFAF7C1DFE497B00DD5EE9 /* Build configuration list for PBXProject "packFMDB" */ = {
			isa = XCConfigurationList;
			buildConfigurations = (
				0BFFAFAC1DFE497C00DD5EE9 /* Debug */,
				0BFFAFAD1DFE497C00DD5EE9 /* Release */,
			);
			defaultConfigurationIsVisible = 0;
			defaultConfigurationName = Release;
		};
		0BFFAFAE1DFE497C00DD5EE9 /* Build configuration list for PBXNativeTarget "packFMDB" */ = {
			isa = XCConfigurationList;
			buildConfigurations = (
				0BFFAFAF1DFE497C00DD5EE9 /* Debug */,
				0BFFAFB01DFE497C00DD5EE9 /* Release */,
			);
			defaultConfigurationIsVisible = 0;
		};
		0BFFAFB11DFE497C00DD5EE9 /* Build configuration list for PBXNativeTarget "packFMDBTests" */ = {
			isa = XCConfigurationList;
			buildConfigurations = (
				0BFFAFB21DFE497C00DD5EE9 /* Debug */,
				0BFFAFB31DFE497C00DD5EE9 /* Release */,
			);
			defaultConfigurationIsVisible = 0;
		};
		0BFFAFB41DFE497C00DD5EE9 /* Build configuration list for PBXNativeTarget "packFMDBUITests" */ = {
			isa = XCConfigurationList;
			buildConfigurations = (
				0BFFAFB51DFE497C00DD5EE9 /* Debug */,
				0BFFAFB61DFE497C00DD5EE9 /* Release */,
			);
			defaultConfigurationIsVisible = 0;
		};
/* End XCConfigurationList section */
	};
	rootObject = 0BFFAF791DFE497B00DD5EE9 /* Project object */;
}
